
Microsoft Visual Studio Solution File, Format Version 12.00
# Visual Studio 2012
Project("{FAE04EC0-301F-11D3-BF4B-00C04F79EFBC}") = "AdobeReg", "AdobeReg\AdobeReg.csproj", "{ED509231-A501-4CC5-9A8C-41FD7A7311F6}"
EndProject
Global
	GlobalSection(SolutionConfigurationPlatforms) = preSolution
		Debug|Any CPU = Debug|Any CPU
		Release|Any CPU = Release|Any CPU
	EndGlobalSection
	GlobalSection(ProjectConfigurationPlatforms) = postSolution
		{ED509231-A501-4CC5-9A8C-41FD7A7311F6}.Debug|Any CPU.ActiveCfg = Debug|Any CPU
		{ED509231-A501-4CC5-9A8C-41FD7A7311F6}.Debug|Any CPU.Build.0 = Debug|Any CPU
		{ED509231-A501-4CC5-9A8C-41FD7A7311F6}.Release|Any CPU.ActiveCfg = Release|Any CPU
		{ED509231-A501-4CC5-9A8C-41FD7A7311F6}.Release|Any CPU.Build.0 = Release|Any CPU
	EndGlobalSection
EndGlobal
